// !$*UTF8*$!
{
	archiveVersion = 1;
	classes = {
	};
	objectVersion = 77;
	objects = {

/* Begin PBXBuildFile section */
		A121A2CD2E13AD02003F04BE /* DefaultAssetBundle in Resources */ = {isa = PBXBuildFile; fileRef = A121A2CC2E13AD02003F04BE /* DefaultAssetBundle */; };
		A121A2D22E13AD4E003F04BE /* halftone_pattern.png in Resources */ = {isa = PBXBuildFile; fileRef = A121A2D02E13AD4E003F04BE /* halftone_pattern.png */; };
		A121A2D32E13AD4E003F04BE /* Config.plist in Resources */ = {isa = PBXBuildFile; fileRef = A121A2D12E13AD4E003F04BE /* Config.plist */; };
		A121A4552E1667EC003F04BE /* Config.plist in Resources */ = {isa = PBXBuildFile; fileRef = A121A2D12E13AD4E003F04BE /* Config.plist */; };
		A121A4562E1667F0003F04BE /* halftone_pattern.png in Resources */ = {isa = PBXBuildFile; fileRef = A121A2D02E13AD4E003F04BE /* halftone_pattern.png */; };
		A121A4572E1667F3003F04BE /* DefaultAssetBundleV2 in Resources */ = {isa = PBXBuildFile; fileRef = A121A2CE2E13AD27003F04BE /* DefaultAssetBundleV2 */; };
		A121A4582E1667F6003F04BE /* DefaultAssetBundle in Resources */ = {isa = PBXBuildFile; fileRef = A121A2CC2E13AD02003F04BE /* DefaultAssetBundle */; };
		A1E7F09D2E2F96D7002CDE9E /* DefaultAssetBundleV2 in Resources */ = {isa = PBXBuildFile; fileRef = A121A2CE2E13AD27003F04BE /* DefaultAssetBundleV2 */; };
/* End PBXBuildFile section */

/* Begin PBXCopyFilesBuildPhase section */
		A121A45B2E16722F003F04BE /* CopyFiles */ = {
			isa = PBXCopyFilesBuildPhase;
			buildActionMask = 2147483647;
			dstPath = /usr/share/man/man1/;
			dstSubfolderSpec = 0;
			files = (
			);
			runOnlyForDeploymentPostprocessing = 1;
		};
/* End PBXCopyFilesBuildPhase section */

/* Begin PBXFileReference section */
		41B449002DC91490002847F8 /* SnoopyPreview.app */ = {isa = PBXFileReference; explicitFileType = wrapper.application; includeInIndex = 0; path = SnoopyPreview.app; sourceTree = BUILT_PRODUCTS_DIR; };
		5151C0E82D38ECB60077D0D8 /* snoopy.saver */ = {isa = PBXFileReference; explicitFileType = wrapper.cfbundle; includeInIndex = 0; path = snoopy.saver; sourceTree = BUILT_PRODUCTS_DIR; };
		A121A2CC2E13AD02003F04BE /* DefaultAssetBundle */ = {isa = PBXFileReference; lastKnownFileType = folder; name = DefaultAssetBundle; path = Resources/DefaultAssetBundle; sourceTree = "<group>"; };
		A121A2CE2E13AD27003F04BE /* DefaultAssetBundleV2 */ = {isa = PBXFileReference; lastKnownFileType = folder; name = DefaultAssetBundleV2; path = Resources/DefaultAssetBundleV2; sourceTree = "<group>"; };
		A121A2D02E13AD4E003F04BE /* halftone_pattern.png */ = {isa = PBXFileReference; lastKnownFileType = image.png; name = halftone_pattern.png; path = Resources/halftone_pattern.png; sourceTree = "<group>"; };
		A121A2D12E13AD4E003F04BE /* Config.plist */ = {isa = PBXFileReference; lastKnownFileType = text.plist.xml; name = Config.plist; path = Resources/Config.plist; sourceTree = "<group>"; };
		A121A45D2E16722F003F04BE /* SnoopyConverter */ = {isa = PBXFileReference; explicitFileType = "compiled.mach-o.executable"; includeInIndex = 0; path = SnoopyConverter; sourceTree = BUILT_PRODUCTS_DIR; };
/* End PBXFileReference section */

/* Begin PBXFileSystemSynchronizedBuildFileExceptionSet section */
		41B44A072DC9154C002847F8 /* Exceptions for "snoopy" folder in "SnoopyPreview" target */ = {
			isa = PBXFileSystemSynchronizedBuildFileExceptionSet;
			membershipExceptions = (
				AssetClipLoader.swift,
				ColorPaletteConfig.plist,
				ColorPaletteManager.swift,
				ErrorLevel.swift,
				HEICSequencePlayer.swift,
				PlaybackManager.swift,
				PlayerManager.swift,
				SceneManager.swift,
				SequenceManager.swift,
				SnoopyView.swift,
				StateManager.swift,
				WeatherManager.swift,
			);
			target = 41B448FF2DC91490002847F8 /* SnoopyPreview */;
		};
		A121A4682E167464003F04BE /* Exceptions for "snoopy" folder in "SnoopyConverter" target */ = {
			isa = PBXFileSystemSynchronizedBuildFileExceptionSet;
			membershipExceptions = (
				AssetClipLoader.swift,
			);
			target = A121A45C2E16722F003F04BE /* SnoopyConverter */;
		};
/* End PBXFileSystemSynchronizedBuildFileExceptionSet section */

/* Begin PBXFileSystemSynchronizedRootGroup section */
		41B449012DC91490002847F8 /* SnoopyPreview */ = {
			isa = PBXFileSystemSynchronizedRootGroup;
			path = SnoopyPreview;
			sourceTree = "<group>";
		};
		5151C0EA2D38ECB60077D0D8 /* snoopy */ = {
			isa = PBXFileSystemSynchronizedRootGroup;
			exceptions = (
				41B44A072DC9154C002847F8 /* Exceptions for "snoopy" folder in "SnoopyPreview" target */,
				A121A4682E167464003F04BE /* Exceptions for "snoopy" folder in "SnoopyConverter" target */,
			);
			path = snoopy;
			sourceTree = "<group>";
		};
		A121A45E2E16722F003F04BE /* SnoopyConverter */ = {
			isa = PBXFileSystemSynchronizedRootGroup;
			path = SnoopyConverter;
			sourceTree = "<group>";
		};
/* End PBXFileSystemSynchronizedRootGroup section */

/* Begin PBXFrameworksBuildPhase section */
		41B448FD2DC91490002847F8 /* Frameworks */ = {
			isa = PBXFrameworksBuildPhase;
			buildActionMask = 2147483647;
			files = (
			);
			runOnlyForDeploymentPostprocessing = 0;
		};
		5151C0E52D38ECB60077D0D8 /* Frameworks */ = {
			isa = PBXFrameworksBuildPhase;
			buildActionMask = 2147483647;
			files = (
			);
			runOnlyForDeploymentPostprocessing = 0;
		};
		A121A45A2E16722F003F04BE /* Frameworks */ = {
			isa = PBXFrameworksBuildPhase;
			buildActionMask = 2147483647;
			files = (
			);
			runOnlyForDeploymentPostprocessing = 0;
		};
/* End PBXFrameworksBuildPhase section */

/* Begin PBXGroup section */
		5151C0DE2D38ECB60077D0D8 = {
			isa = PBXGroup;
			children = (
				A121A2D12E13AD4E003F04BE /* Config.plist */,
				A121A2D02E13AD4E003F04BE /* halftone_pattern.png */,
				A121A2CE2E13AD27003F04BE /* DefaultAssetBundleV2 */,
				A121A2CC2E13AD02003F04BE /* DefaultAssetBundle */,
				5151C0EA2D38ECB60077D0D8 /* snoopy */,
				41B449012DC91490002847F8 /* SnoopyPreview */,
				A121A45E2E16722F003F04BE /* SnoopyConverter */,
				5151C0E92D38ECB60077D0D8 /* Products */,
			);
			sourceTree = "<group>";
		};
		5151C0E92D38ECB60077D0D8 /* Products */ = {
			isa = PBXGroup;
			children = (
				5151C0E82D38ECB60077D0D8 /* snoopy.saver */,
				41B449002DC91490002847F8 /* SnoopyPreview.app */,
				A121A45D2E16722F003F04BE /* SnoopyConverter */,
			);
			name = Products;
			sourceTree = "<group>";
		};
/* End PBXGroup section */

/* Begin PBXNativeTarget section */
		41B448FF2DC91490002847F8 /* SnoopyPreview */ = {
			isa = PBXNativeTarget;
			buildConfigurationList = 41B449092DC91491002847F8 /* Build configuration list for PBXNativeTarget "SnoopyPreview" */;
			buildPhases = (
				41B448FC2DC91490002847F8 /* Sources */,
				41B448FD2DC91490002847F8 /* Frameworks */,
				A121983A2E13ABDC003F04BE /* Resources */,
			);
			buildRules = (
			);
			dependencies = (
			);
			fileSystemSynchronizedGroups = (
				41B449012DC91490002847F8 /* SnoopyPreview */,
			);
			name = SnoopyPreview;
			packageProductDependencies = (
			);
			productName = SnoopyPreview;
			productReference = 41B449002DC91490002847F8 /* SnoopyPreview.app */;
			productType = "com.apple.product-type.application";
		};
		5151C0E72D38ECB60077D0D8 /* snoopy */ = {
			isa = PBXNativeTarget;
			buildConfigurationList = 5151C0F12D38ECB60077D0D8 /* Build configuration list for PBXNativeTarget "snoopy" */;
			buildPhases = (
				5151C0E42D38ECB60077D0D8 /* Sources */,
				5151C0E52D38ECB60077D0D8 /* Frameworks */,
				5151C0E62D38ECB60077D0D8 /* Resources */,
			);
			buildRules = (
			);
			dependencies = (
			);
			fileSystemSynchronizedGroups = (
				5151C0EA2D38ECB60077D0D8 /* snoopy */,
			);
			name = snoopy;
			packageProductDependencies = (
			);
			productName = snoopy;
			productReference = 5151C0E82D38ECB60077D0D8 /* snoopy.saver */;
			productType = "com.apple.product-type.bundle";
		};
		A121A45C2E16722F003F04BE /* SnoopyConverter */ = {
			isa = PBXNativeTarget;
			buildConfigurationList = A121A4612E16722F003F04BE /* Build configuration list for PBXNativeTarget "SnoopyConverter" */;
			buildPhases = (
				A121A4592E16722F003F04BE /* Sources */,
				A121A45A2E16722F003F04BE /* Frameworks */,
				A121A45B2E16722F003F04BE /* CopyFiles */,
			);
			buildRules = (
			);
			dependencies = (
			);
			fileSystemSynchronizedGroups = (
				A121A45E2E16722F003F04BE /* SnoopyConverter */,
			);
			name = SnoopyConverter;
			packageProductDependencies = (
			);
			productName = SnoopyConverter;
			productReference = A121A45D2E16722F003F04BE /* SnoopyConverter */;
			productType = "com.apple.product-type.tool";
		};
/* End PBXNativeTarget section */

/* Begin PBXProject section */
		5151C0DF2D38ECB60077D0D8 /* Project object */ = {
			isa = PBXProject;
			attributes = {
				BuildIndependentTargetsInParallel = 1;
				LastSwiftUpdateCheck = 1640;
				LastUpgradeCheck = 1640;
				TargetAttributes = {
					41B448FF2DC91490002847F8 = {
						CreatedOnToolsVersion = 16.3;
						LastSwiftMigration = 1630;
					};
					5151C0E72D38ECB60077D0D8 = {
						CreatedOnToolsVersion = 16.2;
					};
					A121A45C2E16722F003F04BE = {
						CreatedOnToolsVersion = 16.4;
					};
				};
			};
			buildConfigurationList = 5151C0E22D38ECB60077D0D8 /* Build configuration list for PBXProject "snoopy" */;
			developmentRegion = en;
			hasScannedForEncodings = 0;
			knownRegions = (
				en,
				Base,
			);
			mainGroup = 5151C0DE2D38ECB60077D0D8;
			minimizedProjectReferenceProxies = 1;
			packageReferences = (
			);
			preferredProjectObjectVersion = 77;
			productRefGroup = 5151C0E92D38ECB60077D0D8 /* Products */;
			projectDirPath = "";
			projectRoot = "";
			targets = (
				5151C0E72D38ECB60077D0D8 /* snoopy */,
				41B448FF2DC91490002847F8 /* SnoopyPreview */,
				A121A45C2E16722F003F04BE /* SnoopyConverter */,
			);
		};
/* End PBXProject section */

/* Begin PBXResourcesBuildPhase section */
		5151C0E62D38ECB60077D0D8 /* Resources */ = {
			isa = PBXResourcesBuildPhase;
			buildActionMask = 2147483647;
			files = (
				A121A4582E1667F6003F04BE /* DefaultAssetBundle in Resources */,
				A121A4572E1667F3003F04BE /* DefaultAssetBundleV2 in Resources */,
				A121A4562E1667F0003F04BE /* halftone_pattern.png in Resources */,
				A121A4552E1667EC003F04BE /* Config.plist in Resources */,
			);
			runOnlyForDeploymentPostprocessing = 0;
		};
		A121983A2E13ABDC003F04BE /* Resources */ = {
			isa = PBXResourcesBuildPhase;
			buildActionMask = 2147483647;
			files = (
				A1E7F09D2E2F96D7002CDE9E /* DefaultAssetBundleV2 in Resources */,
				A121A2D22E13AD4E003F04BE /* halftone_pattern.png in Resources */,
				A121A2D32E13AD4E003F04BE /* Config.plist in Resources */,
				A121A2CD2E13AD02003F04BE /* DefaultAssetBundle in Resources */,
			);
			runOnlyForDeploymentPostprocessing = 0;
		};
/* End PBXResourcesBuildPhase section */

/* Begin PBXSourcesBuildPhase section */
		41B448FC2DC91490002847F8 /* Sources */ = {
			isa = PBXSourcesBuildPhase;
			buildActionMask = 2147483647;
			files = (
			);
			runOnlyForDeploymentPostprocessing = 0;
		};
		5151C0E42D38ECB60077D0D8 /* Sources */ = {
			isa = PBXSourcesBuildPhase;
			buildActionMask = 2147483647;
			files = (
			);
			runOnlyForDeploymentPostprocessing = 0;
		};
		A121A4592E16722F003F04BE /* Sources */ = {
			isa = PBXSourcesBuildPhase;
			buildActionMask = 2147483647;
			files = (
			);
			runOnlyForDeploymentPostprocessing = 0;
		};
/* End PBXSourcesBuildPhase section */

/* Begin XCBuildConfiguration section */
		41B4490A2DC91491002847F8 /* Debug */ = {
			isa = XCBuildConfiguration;
			buildSettings = {
				ASSETCATALOG_COMPILER_APPICON_NAME = AppIcon;
				ASSETCATALOG_COMPILER_GLOBAL_ACCENT_COLOR_NAME = AccentColor;
				CLANG_ENABLE_MODULES = YES;
				CODE_SIGN_ENTITLEMENTS = SnoopyPreview/SnoopyPreview.entitlements;
				CODE_SIGN_STYLE = Automatic;
				COMBINE_HIDPI_IMAGES = YES;
				CURRENT_PROJECT_VERSION = 1;
				DEAD_CODE_STRIPPING = YES;
				DEVELOPMENT_TEAM = E45PB87KMG;
				ENABLE_HARDENED_RUNTIME = YES;
				ENABLE_PREVIEWS = YES;
				GENERATE_INFOPLIST_FILE = YES;
				INFOPLIST_FILE = "";
				INFOPLIST_KEY_NSHumanReadableCopyright = "";
				LD_RUNPATH_SEARCH_PATHS = (
					"$(inherited)",
					"@executable_path/../Frameworks",
				);
				MACOSX_DEPLOYMENT_TARGET = 15.4;
				MARKETING_VERSION = 1.0;
				PRODUCT_BUNDLE_IDENTIFIER = me.jlike.SnoopyPreview;
				PRODUCT_NAME = "$(TARGET_NAME)";
				REGISTER_APP_GROUPS = YES;
				SWIFT_ACTIVE_COMPILATION_CONDITIONS = "DEBUG $(inherited)";
				SWIFT_EMIT_LOC_STRINGS = YES;
				SWIFT_OBJC_BRIDGING_HEADER = "";
				SWIFT_OPTIMIZATION_LEVEL = "-Onone";
				SWIFT_VERSION = 5.0;
			};
			name = Debug;
		};
		41B4490B2DC91491002847F8 /* Release */ = {
			isa = XCBuildConfiguration;
			buildSettings = {
				ASSETCATALOG_COMPILER_APPICON_NAME = AppIcon;
				ASSETCATALOG_COMPILER_GLOBAL_ACCENT_COLOR_NAME = AccentColor;
				CLANG_ENABLE_MODULES = YES;
				CODE_SIGN_ENTITLEMENTS = SnoopyPreview/SnoopyPreview.entitlements;
				CODE_SIGN_STYLE = Automatic;
				COMBINE_HIDPI_IMAGES = YES;
				CURRENT_PROJECT_VERSION = 1;
				DEAD_CODE_STRIPPING = YES;
				DEVELOPMENT_TEAM = E45PB87KMG;
				ENABLE_HARDENED_RUNTIME = YES;
				ENABLE_PREVIEWS = YES;
				GENERATE_INFOPLIST_FILE = YES;
				INFOPLIST_FILE = "";
				INFOPLIST_KEY_NSHumanReadableCopyright = "";
				LD_RUNPATH_SEARCH_PATHS = (
					"$(inherited)",
					"@executable_path/../Frameworks",
				);
				MACOSX_DEPLOYMENT_TARGET = 15.4;
				MARKETING_VERSION = 1.0;
				PRODUCT_BUNDLE_IDENTIFIER = me.jlike.SnoopyPreview;
				PRODUCT_NAME = "$(TARGET_NAME)";
				REGISTER_APP_GROUPS = YES;
				SWIFT_COMPILATION_MODE = wholemodule;
				SWIFT_EMIT_LOC_STRINGS = YES;
				SWIFT_OBJC_BRIDGING_HEADER = "";
				SWIFT_VERSION = 5.0;
			};
			name = Release;
		};
		5151C0EF2D38ECB60077D0D8 /* Debug */ = {
			isa = XCBuildConfiguration;
			buildSettings = {
				ALWAYS_SEARCH_USER_PATHS = NO;
				ASSETCATALOG_COMPILER_GENERATE_SWIFT_ASSET_SYMBOL_EXTENSIONS = YES;
				CLANG_ANALYZER_NONNULL = YES;
				CLANG_ANALYZER_NUMBER_OBJECT_CONVERSION = YES_AGGRESSIVE;
				CLANG_CXX_LANGUAGE_STANDARD = "gnu++20";
				CLANG_ENABLE_MODULES = YES;
				CLANG_ENABLE_OBJC_ARC = YES;
				CLANG_ENABLE_OBJC_WEAK = YES;
				CLANG_WARN_BLOCK_CAPTURE_AUTORELEASING = YES;
				CLANG_WARN_BOOL_CONVERSION = YES;
				CLANG_WARN_COMMA = YES;
				CLANG_WARN_CONSTANT_CONVERSION = YES;
				CLANG_WARN_DEPRECATED_OBJC_IMPLEMENTATIONS = YES;
				CLANG_WARN_DIRECT_OBJC_ISA_USAGE = YES_ERROR;
				CLANG_WARN_DOCUMENTATION_COMMENTS = YES;
				CLANG_WARN_EMPTY_BODY = YES;
				CLANG_WARN_ENUM_CONVERSION = YES;
				CLANG_WARN_INFINITE_RECURSION = YES;
				CLANG_WARN_INT_CONVERSION = YES;
				CLANG_WARN_NON_LITERAL_NULL_CONVERSION = YES;
				CLANG_WARN_OBJC_IMPLICIT_RETAIN_SELF = YES;
				CLANG_WARN_OBJC_LITERAL_CONVERSION = YES;
				CLANG_WARN_OBJC_ROOT_CLASS = YES_ERROR;
				CLANG_WARN_QUOTED_INCLUDE_IN_FRAMEWORK_HEADER = YES;
				CLANG_WARN_RANGE_LOOP_ANALYSIS = YES;
				CLANG_WARN_STRICT_PROTOTYPES = YES;
				CLANG_WARN_SUSPICIOUS_MOVE = YES;
				CLANG_WARN_UNGUARDED_AVAILABILITY = YES_AGGRESSIVE;
				CLANG_WARN_UNREACHABLE_CODE = YES;
				CLANG_WARN__DUPLICATE_METHOD_MATCH = YES;
				COPY_PHASE_STRIP = NO;
				DEAD_CODE_STRIPPING = YES;
				DEBUG_INFORMATION_FORMAT = dwarf;
				DEVELOPMENT_TEAM = HEUZ3URRQ5;
				ENABLE_STRICT_OBJC_MSGSEND = YES;
				ENABLE_TESTABILITY = YES;
				ENABLE_USER_SCRIPT_SANDBOXING = YES;
				GCC_C_LANGUAGE_STANDARD = gnu17;
				GCC_DYNAMIC_NO_PIC = NO;
				GCC_NO_COMMON_BLOCKS = YES;
				GCC_OPTIMIZATION_LEVEL = 0;
				GCC_PREPROCESSOR_DEFINITIONS = (
					"DEBUG=1",
					"$(inherited)",
				);
				GCC_WARN_64_TO_32_BIT_CONVERSION = YES;
				GCC_WARN_ABOUT_RETURN_TYPE = YES_ERROR;
				GCC_WARN_UNDECLARED_SELECTOR = YES;
				GCC_WARN_UNINITIALIZED_AUTOS = YES_AGGRESSIVE;
				GCC_WARN_UNUSED_FUNCTION = YES;
				GCC_WARN_UNUSED_VARIABLE = YES;
				LOCALIZATION_PREFERS_STRING_CATALOGS = YES;
				MACOSX_DEPLOYMENT_TARGET = 15.1;
				MTL_ENABLE_DEBUG_INFO = INCLUDE_SOURCE;
				MTL_FAST_MATH = YES;
				ONLY_ACTIVE_ARCH = YES;
				SDKROOT = macosx;
				SWIFT_VERSION = 5.0;
			};
			name = Debug;
		};
		5151C0F02D38ECB60077D0D8 /* Release */ = {
			isa = XCBuildConfiguration;
			buildSettings = {
				ALWAYS_SEARCH_USER_PATHS = NO;
				ASSETCATALOG_COMPILER_GENERATE_SWIFT_ASSET_SYMBOL_EXTENSIONS = YES;
				CLANG_ANALYZER_NONNULL = YES;
				CLANG_ANALYZER_NUMBER_OBJECT_CONVERSION = YES_AGGRESSIVE;
				CLANG_CXX_LANGUAGE_STANDARD = "gnu++20";
				CLANG_ENABLE_MODULES = YES;
				CLANG_ENABLE_OBJC_ARC = YES;
				CLANG_ENABLE_OBJC_WEAK = YES;
				CLANG_WARN_BLOCK_CAPTURE_AUTORELEASING = YES;
				CLANG_WARN_BOOL_CONVERSION = YES;
				CLANG_WARN_COMMA = YES;
				CLANG_WARN_CONSTANT_CONVERSION = YES;
				CLANG_WARN_DEPRECATED_OBJC_IMPLEMENTATIONS = YES;
				CLANG_WARN_DIRECT_OBJC_ISA_USAGE = YES_ERROR;
				CLANG_WARN_DOCUMENTATION_COMMENTS = YES;
				CLANG_WARN_EMPTY_BODY = YES;
				CLANG_WARN_ENUM_CONVERSION = YES;
				CLANG_WARN_INFINITE_RECURSION = YES;
				CLANG_WARN_INT_CONVERSION = YES;
				CLANG_WARN_NON_LITERAL_NULL_CONVERSION = YES;
				CLANG_WARN_OBJC_IMPLICIT_RETAIN_SELF = YES;
				CLANG_WARN_OBJC_LITERAL_CONVERSION = YES;
				CLANG_WARN_OBJC_ROOT_CLASS = YES_ERROR;
				CLANG_WARN_QUOTED_INCLUDE_IN_FRAMEWORK_HEADER = YES;
				CLANG_WARN_RANGE_LOOP_ANALYSIS = YES;
				CLANG_WARN_STRICT_PROTOTYPES = YES;
				CLANG_WARN_SUSPICIOUS_MOVE = YES;
				CLANG_WARN_UNGUARDED_AVAILABILITY = YES_AGGRESSIVE;
				CLANG_WARN_UNREACHABLE_CODE = YES;
				CLANG_WARN__DUPLICATE_METHOD_MATCH = YES;
				COPY_PHASE_STRIP = NO;
				DEAD_CODE_STRIPPING = YES;
				DEBUG_INFORMATION_FORMAT = "dwarf-with-dsym";
				DEVELOPMENT_TEAM = HEUZ3URRQ5;
				ENABLE_NS_ASSERTIONS = NO;
				ENABLE_STRICT_OBJC_MSGSEND = YES;
				ENABLE_USER_SCRIPT_SANDBOXING = YES;
				GCC_C_LANGUAGE_STANDARD = gnu17;
				GCC_NO_COMMON_BLOCKS = YES;
				GCC_WARN_64_TO_32_BIT_CONVERSION = YES;
				GCC_WARN_ABOUT_RETURN_TYPE = YES_ERROR;
				GCC_WARN_UNDECLARED_SELECTOR = YES;
				GCC_WARN_UNINITIALIZED_AUTOS = YES_AGGRESSIVE;
				GCC_WARN_UNUSED_FUNCTION = YES;
				GCC_WARN_UNUSED_VARIABLE = YES;
				LOCALIZATION_PREFERS_STRING_CATALOGS = YES;
				MACOSX_DEPLOYMENT_TARGET = 15.1;
				MTL_ENABLE_DEBUG_INFO = NO;
				MTL_FAST_MATH = YES;
				SDKROOT = macosx;
				SWIFT_COMPILATION_MODE = wholemodule;
				SWIFT_VERSION = 5.0;
			};
			name = Release;
		};
		5151C0F22D38ECB60077D0D8 /* Debug */ = {
			isa = XCBuildConfiguration;
			buildSettings = {
				CLANG_ALLOW_NON_MODULAR_INCLUDES_IN_FRAMEWORK_MODULES = YES;
				"CODE_SIGN_IDENTITY[sdk=macosx*]" = "-";
				CODE_SIGN_STYLE = Automatic;
				COMBINE_HIDPI_IMAGES = YES;
				CURRENT_PROJECT_VERSION = 1;
				DEAD_CODE_STRIPPING = YES;
				DEVELOPMENT_TEAM = E45PB87KMG;
				GENERATE_INFOPLIST_FILE = YES;
				INFOPLIST_FILE = "";
				INFOPLIST_KEY_NSHumanReadableCopyright = "";
				INFOPLIST_KEY_NSPrincipalClass = SnoopyScreenSaverView;
				INSTALL_PATH = "$(HOME)/Library/Screen Savers";
				MACOSX_DEPLOYMENT_TARGET = 12.0;
				MARKETING_VERSION = 0.1.1;
				PRODUCT_BUNDLE_IDENTIFIER = me.jlike.snoopy;
				PRODUCT_NAME = "$(TARGET_NAME)";
				SWIFT_EMIT_LOC_STRINGS = YES;
				SWIFT_OPTIMIZATION_LEVEL = "-Onone";
				SWIFT_VERSION = 5.0;
				WRAPPER_EXTENSION = saver;
			};
			name = Debug;
		};
		5151C0F32D38ECB60077D0D8 /* Release */ = {
			isa = XCBuildConfiguration;
			buildSettings = {
				CLANG_ALLOW_NON_MODULAR_INCLUDES_IN_FRAMEWORK_MODULES = YES;
				"CODE_SIGN_IDENTITY[sdk=macosx*]" = "-";
				CODE_SIGN_STYLE = Automatic;
				COMBINE_HIDPI_IMAGES = YES;
				CURRENT_PROJECT_VERSION = 1;
				DEAD_CODE_STRIPPING = YES;
				DEVELOPMENT_TEAM = E45PB87KMG;
				GENERATE_INFOPLIST_FILE = YES;
				INFOPLIST_FILE = "";
				INFOPLIST_KEY_NSHumanReadableCopyright = "";
				INFOPLIST_KEY_NSPrincipalClass = SnoopyScreenSaverView;
				INSTALL_PATH = "$(HOME)/Library/Screen Savers";
				MACOSX_DEPLOYMENT_TARGET = 12.0;
				MARKETING_VERSION = 0.1.1;
				PRODUCT_BUNDLE_IDENTIFIER = me.jlike.snoopy;
				PRODUCT_NAME = "$(TARGET_NAME)";
				SWIFT_EMIT_LOC_STRINGS = YES;
				SWIFT_OPTIMIZATION_LEVEL = "-Onone";
				SWIFT_VERSION = 5.0;
				WRAPPER_EXTENSION = saver;
			};
			name = Release;
		};
		A121A4622E16722F003F04BE /* Debug */ = {
			isa = XCBuildConfiguration;
			buildSettings = {
				CODE_SIGN_STYLE = Automatic;
				DEVELOPMENT_TEAM = E45PB87KMG;
				ENABLE_HARDENED_RUNTIME = YES;
				MACOSX_DEPLOYMENT_TARGET = 15.5;
				PRODUCT_BUNDLE_IDENTIFIER = me.jlike.SnoopyConverter;
				PRODUCT_NAME = "$(TARGET_NAME)";
				SWIFT_ACTIVE_COMPILATION_CONDITIONS = "DEBUG $(inherited)";
				SWIFT_OPTIMIZATION_LEVEL = "-Onone";
				SWIFT_VERSION = 5.0;
			};
			name = Debug;
		};
		A121A4632E16722F003F04BE /* Release */ = {
			isa = XCBuildConfiguration;
			buildSettings = {
				CODE_SIGN_STYLE = Automatic;
				DEVELOPMENT_TEAM = E45PB87KMG;
				ENABLE_HARDENED_RUNTIME = YES;
				MACOSX_DEPLOYMENT_TARGET = 15.5;
				PRODUCT_BUNDLE_IDENTIFIER = me.jlike.SnoopyConverter;
				PRODUCT_NAME = "$(TARGET_NAME)";
				SWIFT_VERSION = 5.0;
			};
			name = Release;
		};
/* End XCBuildConfiguration section */

/* Begin XCConfigurationList section */
		41B449092DC91491002847F8 /* Build configuration list for PBXNativeTarget "SnoopyPreview" */ = {
			isa = XCConfigurationList;
			buildConfigurations = (
				41B4490A2DC91491002847F8 /* Debug */,
				41B4490B2DC91491002847F8 /* Release */,
			);
			defaultConfigurationIsVisible = 0;
			defaultConfigurationName = Release;
		};
		5151C0E22D38ECB60077D0D8 /* Build configuration list for PBXProject "snoopy" */ = {
			isa = XCConfigurationList;
			buildConfigurations = (
				5151C0EF2D38ECB60077D0D8 /* Debug */,
				5151C0F02D38ECB60077D0D8 /* Release */,
			);
			defaultConfigurationIsVisible = 0;
			defaultConfigurationName = Release;
		};
		5151C0F12D38ECB60077D0D8 /* Build configuration list for PBXNativeTarget "snoopy" */ = {
			isa = XCConfigurationList;
			buildConfigurations = (
				5151C0F22D38ECB60077D0D8 /* Debug */,
				5151C0F32D38ECB60077D0D8 /* Release */,
			);
			defaultConfigurationIsVisible = 0;
			defaultConfigurationName = Release;
		};
		A121A4612E16722F003F04BE /* Build configuration list for PBXNativeTarget "SnoopyConverter" */ = {
			isa = XCConfigurationList;
			buildConfigurations = (
				A121A4622E16722F003F04BE /* Debug */,
				A121A4632E16722F003F04BE /* Release */,
			);
			defaultConfigurationIsVisible = 0;
			defaultConfigurationName = Release;
		};
/* End XCConfigurationList section */
	};
	rootObject = 5151C0DF2D38ECB60077D0D8 /* Project object */;
}
